{
    "name": "party-js-samples-cjs",
    "lockfileVersion": 3,
    "requires": true,
    "packages": {
        "": {
            "name": "party-js-samples-cjs",
            "dependencies": {
                "party-js": "file:../.."
            },
            "devDependencies": {
                "@types/node": "^20.4.7"
            }
        },
        "../..": {
            "version": "3.0.0",
            "license": "MIT",
            "devDependencies": {
                "@types/eslint": "8.44.1",
                "@typescript-eslint/eslint-plugin": "6.2.1",
                "@typescript-eslint/parser": "6.2.1",
                "eslint": "8.46.0",
                "eslint-config-prettier": "8.10.0",
                "eslint-plugin-prettier": "5.0.0",
                "prettier": "3.0.1",
                "tsup": "7.2.0",
                "typescript": "5.1.6"
            }
        },
        "node_modules/@types/node": {
            "version": "20.4.7",
            "resolved": "https://registry.npmjs.org/@types/node/-/node-20.4.7.tgz",
            "integrity": "sha512-bUBrPjEry2QUTsnuEjzjbS7voGWCc30W0qzgMf90GPeDGFRakvrz47ju+oqDAKCXLUCe39u57/ORMl/O/04/9g==",
            "dev": true
        },
        "node_modules/party-js": {
            "resolved": "../..",
            "link": true
        }
    }
}
